{
  "version": 4,
  "terraform_version": "1.5.7",
  "serial": 26,
  "lineage": "62e1a653-a6cb-9e59-6b4c-2ffb8c965e64",
  "outputs": {},
  "resources": [
    {
      "mode": "managed",
      "type": "helm_release",
      "name": "api_monitor",
      "provider": "provider[\"registry.terraform.io/hashicorp/helm\"]",
      "instances": [
        {
          "schema_version": 1,
          "attributes": {
            "atomic": false,
            "chart": "./service-monitor",
            "cleanup_on_fail": false,
            "create_namespace": false,
            "dependency_update": false,
            "description": null,
            "devel": null,
            "disable_crd_hooks": false,
            "disable_openapi_validation": false,
            "disable_webhooks": false,
            "force_update": false,
            "id": "api-monitor",
            "keyring": null,
            "lint": false,
            "manifest": null,
            "max_history": 0,
            "metadata": [
              {
                "app_version": "",
                "chart": "servicemonitor-chart",
                "first_deployed": 1777402955,
                "last_deployed": 1777402955,
                "name": "api-monitor",
                "namespace": "k8s-cost-insights",
                "notes": "",
                "revision": 1,
                "values": "{\"endpoint\":{\"interval\":\"30s\",\"path\":\"/metrics\",\"port\":\"http\"},\"name\":\"api-monitor\",\"selector\":{\"app\":\"api\"}}",
                "version": "0.1.0"
              }
            ],
            "name": "api-monitor",
            "namespace": "k8s-cost-insights",
            "pass_credentials": false,
            "postrender": [],
            "recreate_pods": false,
            "render_subchart_notes": true,
            "replace": false,
            "repository": null,
            "repository_ca_file": null,
            "repository_cert_file": null,
            "repository_key_file": null,
            "repository_password": null,
            "repository_username": null,
            "reset_values": false,
            "reuse_values": false,
            "set": [],
            "set_list": [],
            "set_sensitive": [],
            "skip_crds": false,
            "status": "deployed",
            "timeout": 300,
            "upgrade_install": null,
            "values": [
              "\"endpoint\":\n  \"interval\": \"30s\"\n  \"path\": \"/metrics\"\n  \"port\": \"http\"\n\"name\": \"api-monitor\"\n\"selector\":\n  \"app\": \"api\"\n"
            ],
            "verify": false,
            "version": "0.1.0",
            "wait": true,
            "wait_for_jobs": false
          },
          "sensitive_attributes": [],
          "private": "eyJzY2hlbWFfdmVyc2lvbiI6IjEifQ==",
          "dependencies": [
            "helm_release.prometheus",
            "helm_release.unit_cost_api"
          ]
        }
      ]
    },
    {
      "mode": "managed",
      "type": "helm_release",
      "name": "prometheus",
      "provider": "provider[\"registry.terraform.io/hashicorp/helm\"]",
      "instances": [
        {
          "schema_version": 1,
          "attributes": {
            "atomic": false,
            "chart": "kube-prometheus-stack",
            "cleanup_on_fail": false,
            "create_namespace": false,
            "dependency_update": false,
            "description": null,
            "devel": null,
            "disable_crd_hooks": false,
            "disable_openapi_validation": false,
            "disable_webhooks": false,
            "force_update": false,
            "id": "prometheus",
            "keyring": null,
            "lint": false,
            "manifest": null,
            "max_history": 0,
            "metadata": [
              {
                "app_version": "v0.90.1",
                "chart": "kube-prometheus-stack",
                "first_deployed": 1777391482,
                "last_deployed": 1777391482,
                "name": "prometheus",
                "namespace": "default",
                "notes": "kube-state-metrics is a simple service that listens to the Kubernetes API server and generates metrics about the state of the objects.\nThe exposed metrics can be found here:\nhttps://github.com/kubernetes/kube-state-metrics/blob/master/docs/README.md#exposed-metrics\n\nThe metrics are exported on the HTTP endpoint /metrics on the listening port.\nIn your case, prometheus-kube-state-metrics.default.svc.cluster.local:8080/metrics\n\nThey are served either as plaintext or protobuf depending on the Accept header.\nThey are designed to be consumed either by Prometheus itself or by a scraper that is compatible with scraping a Prometheus client endpoint.\n\nkube-prometheus-stack has been installed. Check its status by running:\n  kubectl --namespace default get pods -l \"release=prometheus\"\n\nGet Grafana 'admin' user password by running:\n\n  kubectl --namespace default get secrets prometheus-grafana -o jsonpath=\"{.data.admin-password}\" | base64 -d ; echo\n\nAccess Grafana local instance:\n\n  export POD_NAME=$(kubectl --namespace default get pod -l \"app.kubernetes.io/name=grafana,app.kubernetes.io/instance=prometheus\" -oname)\n  kubectl --namespace default port-forward $POD_NAME 3000\n\nGet your grafana admin user password by running:\n\n  kubectl get secret --namespace default -l app.kubernetes.io/component=admin-secret -o jsonpath=\"{.items[0].data.admin-password}\" | base64 --decode ; echo\n\n\nVisit https://github.com/prometheus-operator/kube-prometheus for instructions on how to create \u0026 configure Alertmanager and Prometheus instances using the Operator.\n\n1. Get your 'admin' user password by running:\n\n   kubectl get secret --namespace default prometheus-grafana -o jsonpath=\"{.data.admin-password}\" | base64 --decode ; echo\n\n\n2. The Grafana server can be accessed via port 80 on the following DNS name from within your cluster:\n\n   prometheus-grafana.default.svc.cluster.local\n\n   Get the Grafana URL to visit by running these commands in the same shell:\n     export POD_NAME=$(kubectl get pods --namespace default -l \"app.kubernetes.io/name=grafana,app.kubernetes.io/instance=prometheus\" -o jsonpath=\"{.items[0].metadata.name}\")\n     kubectl --namespace default port-forward $POD_NAME 3000\n\n3. Login with the password from step 1 and the username: admin\n#################################################################################\n######   WARNING: Persistence is disabled!!! You will lose your data when   #####\n######            the Grafana pod is terminated.                            #####\n#################################################################################\n\n1. Get the application URL by running these commands:\n  export POD_NAME=$(kubectl get pods --namespace default -l \"app.kubernetes.io/name=prometheus-node-exporter,app.kubernetes.io/instance=prometheus\" -o jsonpath=\"{.items[0].metadata.name}\")\n  echo \"Visit http://127.0.0.1:9100 to use your application\"\n  kubectl port-forward --namespace default $POD_NAME 9100",
                "revision": 1,
                "values": "{\"defaultRules\":{\"disabled\":{\"NodeClockNotSynchronising\":true}},\"grafana\":{\"enabled\":true},\"prometheus\":{\"prometheusSpec\":{\"scrapeInterval\":\"30s\"}}}",
                "version": "84.3.0"
              }
            ],
            "name": "prometheus",
            "namespace": "default",
            "pass_credentials": false,
            "postrender": [],
            "recreate_pods": false,
            "render_subchart_notes": true,
            "replace": false,
            "repository": "https://prometheus-community.github.io/helm-charts",
            "repository_ca_file": null,
            "repository_cert_file": null,
            "repository_key_file": null,
            "repository_password": null,
            "repository_username": null,
            "reset_values": false,
            "reuse_values": false,
            "set": [],
            "set_list": [],
            "set_sensitive": [],
            "skip_crds": false,
            "status": "deployed",
            "timeout": 300,
            "upgrade_install": null,
            "values": [
              "\"defaultRules\":\n  \"disabled\":\n    \"NodeClockNotSynchronising\": true\n\"grafana\":\n  \"enabled\": true\n\"prometheus\":\n  \"prometheusSpec\":\n    \"scrapeInterval\": \"30s\"\n"
            ],
            "verify": false,
            "version": "84.3.0",
            "wait": true,
            "wait_for_jobs": false
          },
          "sensitive_attributes": [],
          "private": "eyJzY2hlbWFfdmVyc2lvbiI6IjEifQ=="
        }
      ]
    },
    {
      "mode": "managed",
      "type": "helm_release",
      "name": "unit_cost_api",
      "provider": "provider[\"registry.terraform.io/hashicorp/helm\"]",
      "instances": [
        {
          "schema_version": 1,
          "attributes": {
            "atomic": false,
            "chart": "./api-chart",
            "cleanup_on_fail": false,
            "create_namespace": false,
            "dependency_update": false,
            "description": null,
            "devel": null,
            "disable_crd_hooks": false,
            "disable_openapi_validation": false,
            "disable_webhooks": false,
            "force_update": false,
            "id": "unit-cost-api",
            "keyring": null,
            "lint": false,
            "manifest": null,
            "max_history": 0,
            "metadata": [
              {
                "app_version": "",
                "chart": "api-chart",
                "first_deployed": 1777400144,
                "last_deployed": 1777405135,
                "name": "unit-cost-api",
                "namespace": "k8s-cost-insights",
                "notes": "",
                "revision": 7,
                "values": "{\"env\":{\"CLICKHOUSE_ADDR\":\"clickhouse.k8s-cost-insights.svc.cluster.local:9000\",\"CLICKHOUSE_DATABASE\":\"test\",\"CLICKHOUSE_PASSWORD\":\"123456\",\"CLICKHOUSE_TABLE\":\"data\",\"CLICKHOUSE_USERNAME\":\"metabasetest\"},\"image\":{\"repository\":\"spideralxjoshi/unit-cost-api\",\"tag\":\"3b33618b1dd29aac3b732e87c557debcd836d7fb\"},\"ingress\":{\"enabled\":true,\"host\":\"unitcost.127.0.0.1.nip.io\"},\"service\":{\"name\":\"api\",\"port\":7000}}",
                "version": "0.1.0"
              }
            ],
            "name": "unit-cost-api",
            "namespace": "k8s-cost-insights",
            "pass_credentials": false,
            "postrender": [],
            "recreate_pods": false,
            "render_subchart_notes": true,
            "replace": false,
            "repository": null,
            "repository_ca_file": null,
            "repository_cert_file": null,
            "repository_key_file": null,
            "repository_password": null,
            "repository_username": null,
            "reset_values": false,
            "reuse_values": false,
            "set": [],
            "set_list": [],
            "set_sensitive": [],
            "skip_crds": false,
            "status": "deployed",
            "timeout": 300,
            "upgrade_install": null,
            "values": [
              "\"env\":\n  \"CLICKHOUSE_ADDR\": \"clickhouse.k8s-cost-insights.svc.cluster.local:9000\"\n  \"CLICKHOUSE_DATABASE\": \"test\"\n  \"CLICKHOUSE_PASSWORD\": \"123456\"\n  \"CLICKHOUSE_TABLE\": \"data\"\n  \"CLICKHOUSE_USERNAME\": \"metabasetest\"\n\"image\":\n  \"repository\": \"spideralxjoshi/unit-cost-api\"\n  \"tag\": \"3b33618b1dd29aac3b732e87c557debcd836d7fb\"\n\"ingress\":\n  \"enabled\": true\n  \"host\": \"unitcost.127.0.0.1.nip.io\"\n\"service\":\n  \"name\": \"api\"\n  \"port\": 7000\n"
            ],
            "verify": false,
            "version": "0.1.0",
            "wait": true,
            "wait_for_jobs": false
          },
          "sensitive_attributes": [],
          "private": "eyJzY2hlbWFfdmVyc2lvbiI6IjEifQ==",
          "dependencies": [
            "helm_release.prometheus"
          ]
        }
      ]
    }
  ],
  "check_results": null
}
